// !$*UTF8*$!
{
	archiveVersion = 1;
	classes = {
	};
	objectVersion = 48;
	objects = {

/* Begin PBXBuildFile section */
		7ED5610020473A2600DEFD84 /* AppDelegate.swift in Sources */ = {isa = PBXBuildFile; fileRef = 7ED560FF20473A2600DEFD84 /* AppDelegate.swift */; };
		7ED5610220473A2600DEFD84 /* ViewController.swift in Sources */ = {isa = PBXBuildFile; fileRef = 7ED5610120473A2600DEFD84 /* ViewController.swift */; };
		7ED5610520473A2600DEFD84 /* Main.storyboard in Resources */ = {isa = PBXBuildFile; fileRef = 7ED5610320473A2600DEFD84 /* Main.storyboard */; };
		7ED5610720473A2600DEFD84 /* Assets.xcassets in Resources */ = {isa = PBXBuildFile; fileRef = 7ED5610620473A2600DEFD84 /* Assets.xcassets */; };
		7ED5610A20473A2600DEFD84 /* LaunchScreen.storyboard in Resources */ = {isa = PBXBuildFile; fileRef = 7ED5610820473A2600DEFD84 /* LaunchScreen.storyboard */; };
		7ED5611520473A2600DEFD84 /* helloworldTests.swift in Sources */ = {isa = PBXBuildFile; fileRef = 7ED5611420473A2600DEFD84 /* helloworldTests.swift */; };
		7ED5612020473A2600DEFD84 /* helloworldUITests.swift in Sources */ = {isa = PBXBuildFile; fileRef = 7ED5611F20473A2600DEFD84 /* helloworldUITests.swift */; };
/* End PBXBuildFile section */

/* Begin PBXContainerItemProxy section */
		7ED5611120473A2600DEFD84 /* PBXContainerItemProxy */ = {
			isa = PBXContainerItemProxy;
			containerPortal = 7ED560F420473A2600DEFD84 /* Project object */;
			proxyType = 1;
			remoteGlobalIDString = 7ED560FB20473A2600DEFD84;
			remoteInfo = helloworld;
		};
		7ED5611C20473A2600DEFD84 /* PBXContainerItemProxy */ = {
			isa = PBXContainerItemProxy;
			containerPortal = 7ED560F420473A2600DEFD84 /* Project object */;
			proxyType = 1;
			remoteGlobalIDString = 7ED560FB20473A2600DEFD84;
			remoteInfo = helloworld;
		};
/* End PBXContainerItemProxy section */

/* Begin PBXFileReference section */
		7ED560FC20473A2600DEFD84 /* helloworld.app */ = {isa = PBXFileReference; explicitFileType = wrapper.application; includeInIndex = 0; path = helloworld.app; sourceTree = BUILT_PRODUCTS_DIR; };
		7ED560FF20473A2600DEFD84 /* AppDelegate.swift */ = {isa = PBXFileReference; lastKnownFileType = sourcecode.swift; path = AppDelegate.swift; sourceTree = "<group>"; };
		7ED5610120473A2600DEFD84 /* ViewController.swift */ = {isa = PBXFileReference; lastKnownFileType = sourcecode.swift; path = ViewController.swift; sourceTree = "<group>"; };
		7ED5610420473A2600DEFD84 /* Base */ = {isa = PBXFileReference; lastKnownFileType = file.storyboard; name = Base; path = Base.lproj/Main.storyboard; sourceTree = "<group>"; };
		7ED5610620473A2600DEFD84 /* Assets.xcassets */ = {isa = PBXFileReference; lastKnownFileType = folder.assetcatalog; path = Assets.xcassets; sourceTree = "<group>"; };
		7ED5610920473A2600DEFD84 /* Base */ = {isa = PBXFileReference; lastKnownFileType = file.storyboard; name = Base; path = Base.lproj/LaunchScreen.storyboard; sourceTree = "<group>"; };
		7ED5610B20473A2600DEFD84 /* Info.plist */ = {isa = PBXFileReference; lastKnownFileType = text.plist.xml; path = Info.plist; sourceTree = "<group>"; };
		7ED5611020473A2600DEFD84 /* helloworldTests.xctest */ = {isa = PBXFileReference; explicitFileType = wrapper.cfbundle; includeInIndex = 0; path = helloworldTests.xctest; sourceTree = BUILT_PRODUCTS_DIR; };
		7ED5611420473A2600DEFD84 /* helloworldTests.swift */ = {isa = PBXFileReference; lastKnownFileType = sourcecode.swift; path = helloworldTests.swift; sourceTree = "<group>"; };
		7ED5611620473A2600DEFD84 /* Info.plist */ = {isa = PBXFileReference; lastKnownFileType = text.plist.xml; path = Info.plist; sourceTree = "<group>"; };
		7ED5611B20473A2600DEFD84 /* helloworldUITests.xctest */ = {isa = PBXFileReference; explicitFileType = wrapper.cfbundle; includeInIndex = 0; path = helloworldUITests.xctest; sourceTree = BUILT_PRODUCTS_DIR; };
		7ED5611F20473A2600DEFD84 /* helloworldUITests.swift */ = {isa = PBXFileReference; lastKnownFileType = sourcecode.swift; path = helloworldUITests.swift; sourceTree = "<group>"; };
		7ED5612120473A2600DEFD84 /* Info.plist */ = {isa = PBXFileReference; lastKnownFileType = text.plist.xml; path = Info.plist; sourceTree = "<group>"; };
/* End PBXFileReference section */

/* Begin PBXFrameworksBuildPhase section */
		7ED560F920473A2600DEFD84 /* Frameworks */ = {
			isa = PBXFrameworksBuildPhase;
			buildActionMask = 2147483647;
			files = (
			);
			runOnlyForDeploymentPostprocessing = 0;
		};
		7ED5610D20473A2600DEFD84 /* Frameworks */ = {
			isa = PBXFrameworksBuildPhase;
			buildActionMask = 2147483647;
			files = (
			);
			runOnlyForDeploymentPostprocessing = 0;
		};
		7ED5611820473A2600DEFD84 /* Frameworks */ = {
			isa = PBXFrameworksBuildPhase;
			buildActionMask = 2147483647;
			files = (
			);
			runOnlyForDeploymentPostprocessing = 0;
		};
/* End PBXFrameworksBuildPhase section */

/* Begin PBXGroup section */
		7ED560F320473A2600DEFD84 = {
			isa = PBXGroup;
			children = (
				7ED560FE20473A2600DEFD84 /* helloworld */,
				7ED5611320473A2600DEFD84 /* helloworldTests */,
				7ED5611E20473A2600DEFD84 /* helloworldUITests */,
				7ED560FD20473A2600DEFD84 /* Products */,
			);
			sourceTree = "<group>";
		};
		7ED560FD20473A2600DEFD84 /* Products */ = {
			isa = PBXGroup;
			children = (
				7ED560FC20473A2600DEFD84 /* helloworld.app */,
				7ED5611020473A2600DEFD84 /* helloworldTests.xctest */,
				7ED5611B20473A2600DEFD84 /* helloworldUITests.xctest */,
			);
			name = Products;
			sourceTree = "<group>";
		};
		7ED560FE20473A2600DEFD84 /* helloworld */ = {
			isa = PBXGroup;
			children = (
				7ED560FF20473A2600DEFD84 /* AppDelegate.swift */,
				7ED5610120473A2600DEFD84 /* ViewController.swift */,
				7ED5610320473A2600DEFD84 /* Main.storyboard */,
				7ED5610620473A2600DEFD84 /* Assets.xcassets */,
				7ED5610820473A2600DEFD84 /* LaunchScreen.storyboard */,
				7ED5610B20473A2600DEFD84 /* Info.plist */,
			);
			path = helloworld;
			sourceTree = "<group>";
		};
		7ED5611320473A2600DEFD84 /* helloworldTests */ = {
			isa = PBXGroup;
			children = (
				7ED5611420473A2600DEFD84 /* helloworldTests.swift */,
				7ED5611620473A2600DEFD84 /* Info.plist */,
			);
			path = helloworldTests;
			sourceTree = "<group>";
		};
		7ED5611E20473A2600DEFD84 /* helloworldUITests */ = {
			isa = PBXGroup;
			children = (
				7ED5611F20473A2600DEFD84 /* helloworldUITests.swift */,
				7ED5612120473A2600DEFD84 /* Info.plist */,
			);
			path = helloworldUITests;
			sourceTree = "<group>";
		};
/* End PBXGroup section */

/* Begin PBXNativeTarget section */
		7ED560FB20473A2600DEFD84 /* helloworld */ = {
			isa = PBXNativeTarget;
			buildConfigurationList = 7ED5612420473A2600DEFD84 /* Build configuration list for PBXNativeTarget "helloworld" */;
			buildPhases = (
				7ED560F820473A2600DEFD84 /* Sources */,
				7ED560F920473A2600DEFD84 /* Frameworks */,
				7ED560FA20473A2600DEFD84 /* Resources */,
			);
			buildRules = (
			);
			dependencies = (
			);
			name = helloworld;
			productName = helloworld;
			productReference = 7ED560FC20473A2600DEFD84 /* helloworld.app */;
			productType = "com.apple.product-type.application";
		};
		7ED5610F20473A2600DEFD84 /* helloworldTests */ = {
			isa = PBXNativeTarget;
			buildConfigurationList = 7ED5612720473A2600DEFD84 /* Build configuration list for PBXNativeTarget "helloworldTests" */;
			buildPhases = (
				7ED5610C20473A2600DEFD84 /* Sources */,
				7ED5610D20473A2600DEFD84 /* Frameworks */,
				7ED5610E20473A2600DEFD84 /* Resources */,
			);
			buildRules = (
			);
			dependencies = (
				7ED5611220473A2600DEFD84 /* PBXTargetDependency */,
			);
			name = helloworldTests;
			productName = helloworldTests;
			productReference = 7ED5611020473A2600DEFD84 /* helloworldTests.xctest */;
			productType = "com.apple.product-type.bundle.unit-test";
		};
		7ED5611A20473A2600DEFD84 /* helloworldUITests */ = {
			isa = PBXNativeTarget;
			buildConfigurationList = 7ED5612A20473A2600DEFD84 /* Build configuration list for PBXNativeTarget "helloworldUITests" */;
			buildPhases = (
				7ED5611720473A2600DEFD84 /* Sources */,
				7ED5611820473A2600DEFD84 /* Frameworks */,
				7ED5611920473A2600DEFD84 /* Resources */,
			);
			buildRules = (
			);
			dependencies = (
				7ED5611D20473A2600DEFD84 /* PBXTargetDependency */,
			);
			name = helloworldUITests;
			productName = helloworldUITests;
			productReference = 7ED5611B20473A2600DEFD84 /* helloworldUITests.xctest */;
			productType = "com.apple.product-type.bundle.ui-testing";
		};
/* End PBXNativeTarget section */

/* Begin PBXProject section */
		7ED560F420473A2600DEFD84 /* Project object */ = {
			isa = PBXProject;
			attributes = {
				LastSwiftUpdateCheck = 0920;
				LastUpgradeCheck = 0920;
				ORGANIZATIONNAME = "Yekta Yazdani";
				TargetAttributes = {
					7ED560FB20473A2600DEFD84 = {
						CreatedOnToolsVersion = 9.2;
						ProvisioningStyle = Automatic;
					};
					7ED5610F20473A2600DEFD84 = {
						CreatedOnToolsVersion = 9.2;
						ProvisioningStyle = Automatic;
						TestTargetID = 7ED560FB20473A2600DEFD84;
					};
					7ED5611A20473A2600DEFD84 = {
						CreatedOnToolsVersion = 9.2;
						ProvisioningStyle = Automatic;
						TestTargetID = 7ED560FB20473A2600DEFD84;
					};
				};
			};
			buildConfigurationList = 7ED560F720473A2600DEFD84 /* Build configuration list for PBXProject "helloworld" */;
			compatibilityVersion = "Xcode 8.0";
			developmentRegion = en;
			hasScannedForEncodings = 0;
			knownRegions = (
				en,
				Base,
			);
			mainGroup = 7ED560F320473A2600DEFD84;
			productRefGroup = 7ED560FD20473A2600DEFD84 /* Products */;
			projectDirPath = "";
			projectRoot = "";
			targets = (
				7ED560FB20473A2600DEFD84 /* helloworld */,
				7ED5610F20473A2600DEFD84 /* helloworldTests */,
				7ED5611A20473A2600DEFD84 /* helloworldUITests */,
			);
		};
/* End PBXProject section */

/* Begin PBXResourcesBuildPhase section */
		7ED560FA20473A2600DEFD84 /* Resources */ = {
			isa = PBXResourcesBuildPhase;
			buildActionMask = 2147483647;
			files = (
				7ED5610A20473A2600DEFD84 /* LaunchScreen.storyboard in Resources */,
				7ED5610720473A2600DEFD84 /* Assets.xcassets in Resources */,
				7ED5610520473A2600DEFD84 /* Main.storyboard in Resources */,
			);
			runOnlyForDeploymentPostprocessing = 0;
		};
		7ED5610E20473A2600DEFD84 /* Resources */ = {
			isa = PBXResourcesBuildPhase;
			buildActionMask = 2147483647;
			files = (
			);
			runOnlyForDeploymentPostprocessing = 0;
		};
		7ED5611920473A2600DEFD84 /* Resources */ = {
			isa = PBXResourcesBuildPhase;
			buildActionMask = 2147483647;
			files = (
			);
			runOnlyForDeploymentPostprocessing = 0;
		};
/* End PBXResourcesBuildPhase section */

/* Begin PBXSourcesBuildPhase section */
		7ED560F820473A2600DEFD84 /* Sources */ = {
			isa = PBXSourcesBuildPhase;
			buildActionMask = 2147483647;
			files = (
				7ED5610220473A2600DEFD84 /* ViewController.swift in Sources */,
				7ED5610020473A2600DEFD84 /* AppDelegate.swift in Sources */,
			);
			runOnlyForDeploymentPostprocessing = 0;
		};
		7ED5610C20473A2600DEFD84 /* Sources */ = {
			isa = PBXSourcesBuildPhase;
			buildActionMask = 2147483647;
			files = (
				7ED5611520473A2600DEFD84 /* helloworldTests.swift in Sources */,
			);
			runOnlyForDeploymentPostprocessing = 0;
		};
		7ED5611720473A2600DEFD84 /* Sources */ = {
			isa = PBXSourcesBuildPhase;
			buildActionMask = 2147483647;
			files = (
				7ED5612020473A2600DEFD84 /* helloworldUITests.swift in Sources */,
			);
			runOnlyForDeploymentPostprocessing = 0;
		};
/* End PBXSourcesBuildPhase section */

/* Begin PBXTargetDependency section */
		7ED5611220473A2600DEFD84 /* PBXTargetDependency */ = {
			isa = PBXTargetDependency;
			target = 7ED560FB20473A2600DEFD84 /* helloworld */;
			targetProxy = 7ED5611120473A2600DEFD84 /* PBXContainerItemProxy */;
		};
		7ED5611D20473A2600DEFD84 /* PBXTargetDependency */ = {
			isa = PBXTargetDependency;
			target = 7ED560FB20473A2600DEFD84 /* helloworld */;
			targetProxy = 7ED5611C20473A2600DEFD84 /* PBXContainerItemProxy */;
		};
/* End PBXTargetDependency section */

/* Begin PBXVariantGroup section */
		7ED5610320473A2600DEFD84 /* Main.storyboard */ = {
			isa = PBXVariantGroup;
			children = (
				7ED5610420473A2600DEFD84 /* Base */,
			);
			name = Main.storyboard;
			sourceTree = "<group>";
		};
		7ED5610820473A2600DEFD84 /* LaunchScreen.storyboard */ = {
			isa = PBXVariantGroup;
			children = (
				7ED5610920473A2600DEFD84 /* Base */,
			);
			name = LaunchScreen.storyboard;
			sourceTree = "<group>";
		};
/* End PBXVariantGroup section */

/* Begin XCBuildConfiguration section */
		7ED5612220473A2600DEFD84 /* Debug */ = {
			isa = XCBuildConfiguration;
			buildSettings = {
				ALWAYS_SEARCH_USER_PATHS = NO;
				CLANG_ANALYZER_NONNULL = YES;
				CLANG_ANALYZER_NUMBER_OBJECT_CONVERSION = YES_AGGRESSIVE;
				CLANG_CXX_LANGUAGE_STANDARD = "gnu++14";
				CLANG_CXX_LIBRARY = "libc++";
				CLANG_ENABLE_MODULES = YES;
				CLANG_ENABLE_OBJC_ARC = YES;
				CLANG_WARN_BLOCK_CAPTURE_AUTORELEASING = YES;
				CLANG_WARN_BOOL_CONVERSION = YES;
				CLANG_WARN_COMMA = YES;
				CLANG_WARN_CONSTANT_CONVERSION = YES;
				CLANG_WARN_DIRECT_OBJC_ISA_USAGE = YES_ERROR;
				CLANG_WARN_DOCUMENTATION_COMMENTS = YES;
				CLANG_WARN_EMPTY_BODY = YES;
				CLANG_WARN_ENUM_CONVERSION = YES;
				CLANG_WARN_INFINITE_RECURSION = YES;
				CLANG_WARN_INT_CONVERSION = YES;
				CLANG_WARN_NON_LITERAL_NULL_CONVERSION = YES;
				CLANG_WARN_OBJC_LITERAL_CONVERSION = YES;
				CLANG_WARN_OBJC_ROOT_CLASS = YES_ERROR;
				CLANG_WARN_RANGE_LOOP_ANALYSIS = YES;
				CLANG_WARN_STRICT_PROTOTYPES = YES;
				CLANG_WARN_SUSPICIOUS_MOVE = YES;
				CLANG_WARN_UNGUARDED_AVAILABILITY = YES_AGGRESSIVE;
				CLANG_WARN_UNREACHABLE_CODE = YES;
				CLANG_WARN__DUPLICATE_METHOD_MATCH = YES;
				CODE_SIGN_IDENTITY = "iPhone Developer";
				COPY_PHASE_STRIP = NO;
				DEBUG_INFORMATION_FORMAT = dwarf;
				ENABLE_STRICT_OBJC_MSGSEND = YES;
				ENABLE_TESTABILITY = YES;
				GCC_C_LANGUAGE_STANDARD = gnu11;
				GCC_DYNAMIC_NO_PIC = NO;
				GCC_NO_COMMON_BLOCKS = YES;
				GCC_OPTIMIZATION_LEVEL = 0;
				GCC_PREPROCESSOR_DEFINITIONS = (
					"DEBUG=1",
					"$(inherited)",
				);
				GCC_WARN_64_TO_32_BIT_CONVERSION = YES;
				GCC_WARN_ABOUT_RETURN_TYPE = YES_ERROR;
				GCC_WARN_UNDECLARED_SELECTOR = YES;
				GCC_WARN_UNINITIALIZED_AUTOS = YES_AGGRESSIVE;
				GCC_WARN_UNUSED_FUNCTION = YES;
				GCC_WARN_UNUSED_VARIABLE = YES;
				IPHONEOS_DEPLOYMENT_TARGET = 11.2;
				MTL_ENABLE_DEBUG_INFO = YES;
				ONLY_ACTIVE_ARCH = YES;
				SDKROOT = iphoneos;
				SWIFT_ACTIVE_COMPILATION_CONDITIONS = DEBUG;
				SWIFT_OPTIMIZATION_LEVEL = "-Onone";
			};
			name = Debug;
		};
		7ED5612320473A2600DEFD84 /* Release */ = {
			isa = XCBuildConfiguration;
			buildSettings = {
				ALWAYS_SEARCH_USER_PATHS = NO;
				CLANG_ANALYZER_NONNULL = YES;
				CLANG_ANALYZER_NUMBER_OBJECT_CONVERSION = YES_AGGRESSIVE;
				CLANG_CXX_LANGUAGE_STANDARD = "gnu++14";
				CLANG_CXX_LIBRARY = "libc++";
				CLANG_ENABLE_MODULES = YES;
				CLANG_ENABLE_OBJC_ARC = YES;
				CLANG_WARN_BLOCK_CAPTURE_AUTORELEASING = YES;
				CLANG_WARN_BOOL_CONVERSION = YES;
				CLANG_WARN_COMMA = YES;
				CLANG_WARN_CONSTANT_CONVERSION = YES;
				CLANG_WARN_DIRECT_OBJC_ISA_USAGE = YES_ERROR;
				CLANG_WARN_DOCUMENTATION_COMMENTS = YES;
				CLANG_WARN_EMPTY_BODY = YES;
				CLANG_WARN_ENUM_CONVERSION = YES;
				CLANG_WARN_INFINITE_RECURSION = YES;
				CLANG_WARN_INT_CONVERSION = YES;
				CLANG_WARN_NON_LITERAL_NULL_CONVERSION = YES;
				CLANG_WARN_OBJC_LITERAL_CONVERSION = YES;
				CLANG_WARN_OBJC_ROOT_CLASS = YES_ERROR;
				CLANG_WARN_RANGE_LOOP_ANALYSIS = YES;
				CLANG_WARN_STRICT_PROTOTYPES = YES;
				CLANG_WARN_SUSPICIOUS_MOVE = YES;
				CLANG_WARN_UNGUARDED_AVAILABILITY = YES_AGGRESSIVE;
				CLANG_WARN_UNREACHABLE_CODE = YES;
				CLANG_WARN__DUPLICATE_METHOD_MATCH = YES;
				CODE_SIGN_IDENTITY = "iPhone Developer";
				COPY_PHASE_STRIP = NO;
				DEBUG_INFORMATION_FORMAT = "dwarf-with-dsym";
				ENABLE_NS_ASSERTIONS = NO;
				ENABLE_STRICT_OBJC_MSGSEND = YES;
				GCC_C_LANGUAGE_STANDARD = gnu11;
				GCC_NO_COMMON_BLOCKS = YES;
				GCC_WARN_64_TO_32_BIT_CONVERSION = YES;
				GCC_WARN_ABOUT_RETURN_TYPE = YES_ERROR;
				GCC_WARN_UNDECLARED_SELECTOR = YES;
				GCC_WARN_UNINITIALIZED_AUTOS = YES_AGGRESSIVE;
				GCC_WARN_UNUSED_FUNCTION = YES;
				GCC_WARN_UNUSED_VARIABLE = YES;
				IPHONEOS_DEPLOYMENT_TARGET = 11.2;
				MTL_ENABLE_DEBUG_INFO = NO;
				SDKROOT = iphoneos;
				SWIFT_OPTIMIZATION_LEVEL = "-Owholemodule";
				VALIDATE_PRODUCT = YES;
			};
			name = Release;
		};
		7ED5612520473A2600DEFD84 /* Debug */ = {
			isa = XCBuildConfiguration;
			buildSettings = {
				ASSETCATALOG_COMPILER_APPICON_NAME = AppIcon;
				CODE_SIGN_STYLE = Automatic;
				INFOPLIST_FILE = helloworld/Info.plist;
				LD_RUNPATH_SEARCH_PATHS = "$(inherited) @executable_path/Frameworks";
				PRODUCT_BUNDLE_IDENTIFIER = com.sikka.helloworld;
				PRODUCT_NAME = "$(TARGET_NAME)";
				SWIFT_VERSION = 4.0;
				TARGETED_DEVICE_FAMILY = "1,2";
			};
			name = Debug;
		};
		7ED5612620473A2600DEFD84 /* Release */ = {
			isa = XCBuildConfiguration;
			buildSettings = {
				ASSETCATALOG_COMPILER_APPICON_NAME = AppIcon;
				CODE_SIGN_STYLE = Automatic;
				INFOPLIST_FILE = helloworld/Info.plist;
				LD_RUNPATH_SEARCH_PATHS = "$(inherited) @executable_path/Frameworks";
				PRODUCT_BUNDLE_IDENTIFIER = com.sikka.helloworld;
				PRODUCT_NAME = "$(TARGET_NAME)";
				SWIFT_VERSION = 4.0;
				TARGETED_DEVICE_FAMILY = "1,2";
			};
			name = Release;
		};
		7ED5612820473A2600DEFD84 /* Debug */ = {
			isa = XCBuildConfiguration;
			buildSettings = {
				ALWAYS_EMBED_SWIFT_STANDARD_LIBRARIES = YES;
				BUNDLE_LOADER = "$(TEST_HOST)";
				CODE_SIGN_STYLE = Automatic;
				INFOPLIST_FILE = helloworldTests/Info.plist;
				LD_RUNPATH_SEARCH_PATHS = "$(inherited) @executable_path/Frameworks @loader_path/Frameworks";
				PRODUCT_BUNDLE_IDENTIFIER = com.sikka.helloworldTests;
				PRODUCT_NAME = "$(TARGET_NAME)";
				SWIFT_VERSION = 4.0;
				TARGETED_DEVICE_FAMILY = "1,2";
				TEST_HOST = "$(BUILT_PRODUCTS_DIR)/helloworld.app/helloworld";
			};
			name = Debug;
		};
		7ED5612920473A2600DEFD84 /* Release */ = {
			isa = XCBuildConfiguration;
			buildSettings = {
				ALWAYS_EMBED_SWIFT_STANDARD_LIBRARIES = YES;
				BUNDLE_LOADER = "$(TEST_HOST)";
				CODE_SIGN_STYLE = Automatic;
				INFOPLIST_FILE = helloworldTests/Info.plist;
				LD_RUNPATH_SEARCH_PATHS = "$(inherited) @executable_path/Frameworks @loader_path/Frameworks";
				PRODUCT_BUNDLE_IDENTIFIER = com.sikka.helloworldTests;
				PRODUCT_NAME = "$(TARGET_NAME)";
				SWIFT_VERSION = 4.0;
				TARGETED_DEVICE_FAMILY = "1,2";
				TEST_HOST = "$(BUILT_PRODUCTS_DIR)/helloworld.app/helloworld";
			};
			name = Release;
		};
		7ED5612B20473A2600DEFD84 /* Debug */ = {
			isa = XCBuildConfiguration;
			buildSettings = {
				ALWAYS_EMBED_SWIFT_STANDARD_LIBRARIES = YES;
				CODE_SIGN_STYLE = Automatic;
				INFOPLIST_FILE = helloworldUITests/Info.plist;
				LD_RUNPATH_SEARCH_PATHS = "$(inherited) @executable_path/Frameworks @loader_path/Frameworks";
				PRODUCT_BUNDLE_IDENTIFIER = com.sikka.helloworldUITests;
				PRODUCT_NAME = "$(TARGET_NAME)";
				SWIFT_VERSION = 4.0;
				TARGETED_DEVICE_FAMILY = "1,2";
				TEST_TARGET_NAME = helloworld;
			};
			name = Debug;
		};
		7ED5612C20473A2600DEFD84 /* Release */ = {
			isa = XCBuildConfiguration;
			buildSettings = {
				ALWAYS_EMBED_SWIFT_STANDARD_LIBRARIES = YES;
				CODE_SIGN_STYLE = Automatic;
				INFOPLIST_FILE = helloworldUITests/Info.plist;
				LD_RUNPATH_SEARCH_PATHS = "$(inherited) @executable_path/Frameworks @loader_path/Frameworks";
				PRODUCT_BUNDLE_IDENTIFIER = com.sikka.helloworldUITests;
				PRODUCT_NAME = "$(TARGET_NAME)";
				SWIFT_VERSION = 4.0;
				TARGETED_DEVICE_FAMILY = "1,2";
				TEST_TARGET_NAME = helloworld;
			};
			name = Release;
		};
/* End XCBuildConfiguration section */

/* Begin XCConfigurationList section */
		7ED560F720473A2600DEFD84 /* Build configuration list for PBXProject "helloworld" */ = {
			isa = XCConfigurationList;
			buildConfigurations = (
				7ED5612220473A2600DEFD84 /* Debug */,
				7ED5612320473A2600DEFD84 /* Release */,
			);
			defaultConfigurationIsVisible = 0;
			defaultConfigurationName = Release;
		};
		7ED5612420473A2600DEFD84 /* Build configuration list for PBXNativeTarget "helloworld" */ = {
			isa = XCConfigurationList;
			buildConfigurations = (
				7ED5612520473A2600DEFD84 /* Debug */,
				7ED5612620473A2600DEFD84 /* Release */,
			);
			defaultConfigurationIsVisible = 0;
			defaultConfigurationName = Release;
		};
		7ED5612720473A2600DEFD84 /* Build configuration list for PBXNativeTarget "helloworldTests" */ = {
			isa = XCConfigurationList;
			buildConfigurations = (
				7ED5612820473A2600DEFD84 /* Debug */,
				7ED5612920473A2600DEFD84 /* Release */,
			);
			defaultConfigurationIsVisible = 0;
			defaultConfigurationName = Release;
		};
		7ED5612A20473A2600DEFD84 /* Build configuration list for PBXNativeTarget "helloworldUITests" */ = {
			isa = XCConfigurationList;
			buildConfigurations = (
				7ED5612B20473A2600DEFD84 /* Debug */,
				7ED5612C20473A2600DEFD84 /* Release */,
			);
			defaultConfigurationIsVisible = 0;
			defaultConfigurationName = Release;
		};
/* End XCConfigurationList section */
	};
	rootObject = 7ED560F420473A2600DEFD84 /* Project object */;
}
